// !$*UTF8*$!
{
	archiveVersion = 1;
	classes = {
	};
	objectVersion = 56;
	objects = {

/* Begin PBXBuildFile section */
		42969081787B820EBD00DF53 /* Pods_ChallengeBCP.framework in Frameworks */ = {isa = PBXBuildFile; fileRef = 6DE074C1E76FC27D451669C9 /* Pods_ChallengeBCP.framework */; };
		CE31BFBF2B05C7BE00569768 /* Endpoint.swift in Sources */ = {isa = PBXBuildFile; fileRef = CE31BFBE2B05C7BE00569768 /* Endpoint.swift */; };
		CE31BFC12B05C7C500569768 /* Feed.swift in Sources */ = {isa = PBXBuildFile; fileRef = CE31BFC02B05C7C500569768 /* Feed.swift */; };
		CE31BFC32B05C7D100569768 /* RequestMethod.swift in Sources */ = {isa = PBXBuildFile; fileRef = CE31BFC22B05C7D100569768 /* RequestMethod.swift */; };
		CE31BFC52B05C7E000569768 /* RequestProtocol.swift in Sources */ = {isa = PBXBuildFile; fileRef = CE31BFC42B05C7E000569768 /* RequestProtocol.swift */; };
		CE31BFC72B05C7EE00569768 /* RequestError.swift in Sources */ = {isa = PBXBuildFile; fileRef = CE31BFC62B05C7EE00569768 /* RequestError.swift */; };
		CE31BFD52B06586500569768 /* HomeEntity.swift in Sources */ = {isa = PBXBuildFile; fileRef = CE31BFD42B06586500569768 /* HomeEntity.swift */; };
		CE93F0AC2B059D2C00C6E7A7 /* UIVIew+Extension.swift in Sources */ = {isa = PBXBuildFile; fileRef = CE93F0AB2B059D2C00C6E7A7 /* UIVIew+Extension.swift */; };
		CE984D2D2B070FE8008F69C0 /* KeychainSwift+Extension.swift in Sources */ = {isa = PBXBuildFile; fileRef = CE984D2C2B070FE8008F69C0 /* KeychainSwift+Extension.swift */; };
		CEA016EE2B05943100567E83 /* UIVIewController+Extension.swift in Sources */ = {isa = PBXBuildFile; fileRef = CEA016ED2B05943100567E83 /* UIVIewController+Extension.swift */; };
		CEA016F82B05944D00567E83 /* SplashViewController.swift in Sources */ = {isa = PBXBuildFile; fileRef = CEA016F22B05944D00567E83 /* SplashViewController.swift */; };
		CEA016FA2B05944D00567E83 /* SplashViewController.xib in Resources */ = {isa = PBXBuildFile; fileRef = CEA016F42B05944D00567E83 /* SplashViewController.xib */; };
		CEA016FB2B05944D00567E83 /* SplashWireFrame.swift in Sources */ = {isa = PBXBuildFile; fileRef = CEA016F52B05944D00567E83 /* SplashWireFrame.swift */; };
		CEA39F2A2B05871D007CBC9A /* AppDelegate.swift in Sources */ = {isa = PBXBuildFile; fileRef = CEA39F292B05871D007CBC9A /* AppDelegate.swift */; };
		CEA39F2C2B05871D007CBC9A /* SceneDelegate.swift in Sources */ = {isa = PBXBuildFile; fileRef = CEA39F2B2B05871D007CBC9A /* SceneDelegate.swift */; };
		CEA39F2E2B05871D007CBC9A /* ViewController.swift in Sources */ = {isa = PBXBuildFile; fileRef = CEA39F2D2B05871D007CBC9A /* ViewController.swift */; };
		CEA39F312B05871D007CBC9A /* Main.storyboard in Resources */ = {isa = PBXBuildFile; fileRef = CEA39F2F2B05871D007CBC9A /* Main.storyboard */; };
		CEA39F332B05871F007CBC9A /* Assets.xcassets in Resources */ = {isa = PBXBuildFile; fileRef = CEA39F322B05871F007CBC9A /* Assets.xcassets */; };
		CEA39F362B05871F007CBC9A /* LaunchScreen.storyboard in Resources */ = {isa = PBXBuildFile; fileRef = CEA39F342B05871F007CBC9A /* LaunchScreen.storyboard */; };
		CEA39F412B05871F007CBC9A /* ChallengeBCPTests.swift in Sources */ = {isa = PBXBuildFile; fileRef = CEA39F402B05871F007CBC9A /* ChallengeBCPTests.swift */; };
		CEA39F4B2B05871F007CBC9A /* ChallengeBCPUITests.swift in Sources */ = {isa = PBXBuildFile; fileRef = CEA39F4A2B05871F007CBC9A /* ChallengeBCPUITests.swift */; };
		CEA39F4D2B05871F007CBC9A /* ChallengeBCPUITestsLaunchTests.swift in Sources */ = {isa = PBXBuildFile; fileRef = CEA39F4C2B05871F007CBC9A /* ChallengeBCPUITestsLaunchTests.swift */; };
		CEA39F742B0588DE007CBC9A /* HomeInteractorDependencies.swift in Sources */ = {isa = PBXBuildFile; fileRef = CEA39F6E2B0588DE007CBC9A /* HomeInteractorDependencies.swift */; };
		CEA39F752B0588DE007CBC9A /* HomePresenter.swift in Sources */ = {isa = PBXBuildFile; fileRef = CEA39F6F2B0588DE007CBC9A /* HomePresenter.swift */; };
		CEA39F762B0588DE007CBC9A /* HomeViewController.swift in Sources */ = {isa = PBXBuildFile; fileRef = CEA39F702B0588DE007CBC9A /* HomeViewController.swift */; };
		CEA39F772B0588DE007CBC9A /* HomeInteractor.swift in Sources */ = {isa = PBXBuildFile; fileRef = CEA39F712B0588DE007CBC9A /* HomeInteractor.swift */; };
		CEA39F782B0588DE007CBC9A /* HomeViewController.xib in Resources */ = {isa = PBXBuildFile; fileRef = CEA39F722B0588DE007CBC9A /* HomeViewController.xib */; };
		CEA39F792B0588DE007CBC9A /* HomeWireFrame.swift in Sources */ = {isa = PBXBuildFile; fileRef = CEA39F732B0588DE007CBC9A /* HomeWireFrame.swift */; };
		CEA39F8D2B05890C007CBC9A /* CurrencyInteractorDependencies.swift in Sources */ = {isa = PBXBuildFile; fileRef = CEA39F872B05890C007CBC9A /* CurrencyInteractorDependencies.swift */; };
		CEA39F8E2B05890C007CBC9A /* CurrencyPresenter.swift in Sources */ = {isa = PBXBuildFile; fileRef = CEA39F882B05890C007CBC9A /* CurrencyPresenter.swift */; };
		CEA39F8F2B05890C007CBC9A /* CurrencyViewController.swift in Sources */ = {isa = PBXBuildFile; fileRef = CEA39F892B05890C007CBC9A /* CurrencyViewController.swift */; };
		CEA39F902B05890C007CBC9A /* CurrencyInteractor.swift in Sources */ = {isa = PBXBuildFile; fileRef = CEA39F8A2B05890C007CBC9A /* CurrencyInteractor.swift */; };
		CEA39F912B05890C007CBC9A /* CurrencyViewController.xib in Resources */ = {isa = PBXBuildFile; fileRef = CEA39F8B2B05890C007CBC9A /* CurrencyViewController.xib */; };
		CEA39F922B05890C007CBC9A /* CurrencyWireFrame.swift in Sources */ = {isa = PBXBuildFile; fileRef = CEA39F8C2B05890C007CBC9A /* CurrencyWireFrame.swift */; };
/* End PBXBuildFile section */

/* Begin PBXContainerItemProxy section */
		CEA39F3D2B05871F007CBC9A /* PBXContainerItemProxy */ = {
			isa = PBXContainerItemProxy;
			containerPortal = CEA39F1E2B05871D007CBC9A /* Project object */;
			proxyType = 1;
			remoteGlobalIDString = CEA39F252B05871D007CBC9A;
			remoteInfo = ChallengeBCP;
		};
		CEA39F472B05871F007CBC9A /* PBXContainerItemProxy */ = {
			isa = PBXContainerItemProxy;
			containerPortal = CEA39F1E2B05871D007CBC9A /* Project object */;
			proxyType = 1;
			remoteGlobalIDString = CEA39F252B05871D007CBC9A;
			remoteInfo = ChallengeBCP;
		};
/* End PBXContainerItemProxy section */

/* Begin PBXFileReference section */
		403C93B73D1C31432008011E /* Pods-ChallengeBCP.release.xcconfig */ = {isa = PBXFileReference; includeInIndex = 1; lastKnownFileType = text.xcconfig; name = "Pods-ChallengeBCP.release.xcconfig"; path = "Target Support Files/Pods-ChallengeBCP/Pods-ChallengeBCP.release.xcconfig"; sourceTree = "<group>"; };
		5DD68F01FB259534A743E77B /* Pods-ChallengeBCP.debug.xcconfig */ = {isa = PBXFileReference; includeInIndex = 1; lastKnownFileType = text.xcconfig; name = "Pods-ChallengeBCP.debug.xcconfig"; path = "Target Support Files/Pods-ChallengeBCP/Pods-ChallengeBCP.debug.xcconfig"; sourceTree = "<group>"; };
		6DE074C1E76FC27D451669C9 /* Pods_ChallengeBCP.framework */ = {isa = PBXFileReference; explicitFileType = wrapper.framework; includeInIndex = 0; path = Pods_ChallengeBCP.framework; sourceTree = BUILT_PRODUCTS_DIR; };
		CE31BFBE2B05C7BE00569768 /* Endpoint.swift */ = {isa = PBXFileReference; lastKnownFileType = sourcecode.swift; path = Endpoint.swift; sourceTree = "<group>"; };
		CE31BFC02B05C7C500569768 /* Feed.swift */ = {isa = PBXFileReference; lastKnownFileType = sourcecode.swift; path = Feed.swift; sourceTree = "<group>"; };
		CE31BFC22B05C7D100569768 /* RequestMethod.swift */ = {isa = PBXFileReference; lastKnownFileType = sourcecode.swift; path = RequestMethod.swift; sourceTree = "<group>"; };
		CE31BFC42B05C7E000569768 /* RequestProtocol.swift */ = {isa = PBXFileReference; lastKnownFileType = sourcecode.swift; path = RequestProtocol.swift; sourceTree = "<group>"; };
		CE31BFC62B05C7EE00569768 /* RequestError.swift */ = {isa = PBXFileReference; lastKnownFileType = sourcecode.swift; path = RequestError.swift; sourceTree = "<group>"; };
		CE31BFD42B06586500569768 /* HomeEntity.swift */ = {isa = PBXFileReference; lastKnownFileType = sourcecode.swift; path = HomeEntity.swift; sourceTree = "<group>"; };
		CE93F0AB2B059D2C00C6E7A7 /* UIVIew+Extension.swift */ = {isa = PBXFileReference; lastKnownFileType = sourcecode.swift; path = "UIVIew+Extension.swift"; sourceTree = "<group>"; };
		CE984D2C2B070FE8008F69C0 /* KeychainSwift+Extension.swift */ = {isa = PBXFileReference; lastKnownFileType = sourcecode.swift; path = "KeychainSwift+Extension.swift"; sourceTree = "<group>"; };
		CEA016ED2B05943100567E83 /* UIVIewController+Extension.swift */ = {isa = PBXFileReference; lastKnownFileType = sourcecode.swift; path = "UIVIewController+Extension.swift"; sourceTree = "<group>"; };
		CEA016F22B05944D00567E83 /* SplashViewController.swift */ = {isa = PBXFileReference; lastKnownFileType = sourcecode.swift; path = SplashViewController.swift; sourceTree = "<group>"; };
		CEA016F42B05944D00567E83 /* SplashViewController.xib */ = {isa = PBXFileReference; lastKnownFileType = file.xib; path = SplashViewController.xib; sourceTree = "<group>"; };
		CEA016F52B05944D00567E83 /* SplashWireFrame.swift */ = {isa = PBXFileReference; lastKnownFileType = sourcecode.swift; path = SplashWireFrame.swift; sourceTree = "<group>"; };
		CEA39F262B05871D007CBC9A /* ChallengeBCP.app */ = {isa = PBXFileReference; explicitFileType = wrapper.application; includeInIndex = 0; path = ChallengeBCP.app; sourceTree = BUILT_PRODUCTS_DIR; };
		CEA39F292B05871D007CBC9A /* AppDelegate.swift */ = {isa = PBXFileReference; lastKnownFileType = sourcecode.swift; path = AppDelegate.swift; sourceTree = "<group>"; };
		CEA39F2B2B05871D007CBC9A /* SceneDelegate.swift */ = {isa = PBXFileReference; lastKnownFileType = sourcecode.swift; path = SceneDelegate.swift; sourceTree = "<group>"; };
		CEA39F2D2B05871D007CBC9A /* ViewController.swift */ = {isa = PBXFileReference; lastKnownFileType = sourcecode.swift; path = ViewController.swift; sourceTree = "<group>"; };
		CEA39F302B05871D007CBC9A /* Base */ = {isa = PBXFileReference; lastKnownFileType = file.storyboard; name = Base; path = Base.lproj/Main.storyboard; sourceTree = "<group>"; };
		CEA39F322B05871F007CBC9A /* Assets.xcassets */ = {isa = PBXFileReference; lastKnownFileType = folder.assetcatalog; path = Assets.xcassets; sourceTree = "<group>"; };
		CEA39F352B05871F007CBC9A /* Base */ = {isa = PBXFileReference; lastKnownFileType = file.storyboard; name = Base; path = Base.lproj/LaunchScreen.storyboard; sourceTree = "<group>"; };
		CEA39F372B05871F007CBC9A /* Info.plist */ = {isa = PBXFileReference; lastKnownFileType = text.plist.xml; path = Info.plist; sourceTree = "<group>"; };
		CEA39F3C2B05871F007CBC9A /* ChallengeBCPTests.xctest */ = {isa = PBXFileReference; explicitFileType = wrapper.cfbundle; includeInIndex = 0; path = ChallengeBCPTests.xctest; sourceTree = BUILT_PRODUCTS_DIR; };
		CEA39F402B05871F007CBC9A /* ChallengeBCPTests.swift */ = {isa = PBXFileReference; lastKnownFileType = sourcecode.swift; path = ChallengeBCPTests.swift; sourceTree = "<group>"; };
		CEA39F462B05871F007CBC9A /* ChallengeBCPUITests.xctest */ = {isa = PBXFileReference; explicitFileType = wrapper.cfbundle; includeInIndex = 0; path = ChallengeBCPUITests.xctest; sourceTree = BUILT_PRODUCTS_DIR; };
		CEA39F4A2B05871F007CBC9A /* ChallengeBCPUITests.swift */ = {isa = PBXFileReference; lastKnownFileType = sourcecode.swift; path = ChallengeBCPUITests.swift; sourceTree = "<group>"; };
		CEA39F4C2B05871F007CBC9A /* ChallengeBCPUITestsLaunchTests.swift */ = {isa = PBXFileReference; lastKnownFileType = sourcecode.swift; path = ChallengeBCPUITestsLaunchTests.swift; sourceTree = "<group>"; };
		CEA39F6E2B0588DE007CBC9A /* HomeInteractorDependencies.swift */ = {isa = PBXFileReference; lastKnownFileType = sourcecode.swift; path = HomeInteractorDependencies.swift; sourceTree = "<group>"; };
		CEA39F6F2B0588DE007CBC9A /* HomePresenter.swift */ = {isa = PBXFileReference; lastKnownFileType = sourcecode.swift; path = HomePresenter.swift; sourceTree = "<group>"; };
		CEA39F702B0588DE007CBC9A /* HomeViewController.swift */ = {isa = PBXFileReference; lastKnownFileType = sourcecode.swift; path = HomeViewController.swift; sourceTree = "<group>"; };
		CEA39F712B0588DE007CBC9A /* HomeInteractor.swift */ = {isa = PBXFileReference; lastKnownFileType = sourcecode.swift; path = HomeInteractor.swift; sourceTree = "<group>"; };
		CEA39F722B0588DE007CBC9A /* HomeViewController.xib */ = {isa = PBXFileReference; lastKnownFileType = file.xib; path = HomeViewController.xib; sourceTree = "<group>"; };
		CEA39F732B0588DE007CBC9A /* HomeWireFrame.swift */ = {isa = PBXFileReference; lastKnownFileType = sourcecode.swift; path = HomeWireFrame.swift; sourceTree = "<group>"; };
		CEA39F872B05890C007CBC9A /* CurrencyInteractorDependencies.swift */ = {isa = PBXFileReference; lastKnownFileType = sourcecode.swift; path = CurrencyInteractorDependencies.swift; sourceTree = "<group>"; };
		CEA39F882B05890C007CBC9A /* CurrencyPresenter.swift */ = {isa = PBXFileReference; lastKnownFileType = sourcecode.swift; path = CurrencyPresenter.swift; sourceTree = "<group>"; };
		CEA39F892B05890C007CBC9A /* CurrencyViewController.swift */ = {isa = PBXFileReference; lastKnownFileType = sourcecode.swift; path = CurrencyViewController.swift; sourceTree = "<group>"; };
		CEA39F8A2B05890C007CBC9A /* CurrencyInteractor.swift */ = {isa = PBXFileReference; lastKnownFileType = sourcecode.swift; path = CurrencyInteractor.swift; sourceTree = "<group>"; };
		CEA39F8B2B05890C007CBC9A /* CurrencyViewController.xib */ = {isa = PBXFileReference; lastKnownFileType = file.xib; path = CurrencyViewController.xib; sourceTree = "<group>"; };
		CEA39F8C2B05890C007CBC9A /* CurrencyWireFrame.swift */ = {isa = PBXFileReference; lastKnownFileType = sourcecode.swift; path = CurrencyWireFrame.swift; sourceTree = "<group>"; };
/* End PBXFileReference section */

/* Begin PBXFrameworksBuildPhase section */
		CEA39F232B05871D007CBC9A /* Frameworks */ = {
			isa = PBXFrameworksBuildPhase;
			buildActionMask = 2147483647;
			files = (
				42969081787B820EBD00DF53 /* Pods_ChallengeBCP.framework in Frameworks */,
			);
			runOnlyForDeploymentPostprocessing = 0;
		};
		CEA39F392B05871F007CBC9A /* Frameworks */ = {
			isa = PBXFrameworksBuildPhase;
			buildActionMask = 2147483647;
			files = (
			);
			runOnlyForDeploymentPostprocessing = 0;
		};
		CEA39F432B05871F007CBC9A /* Frameworks */ = {
			isa = PBXFrameworksBuildPhase;
			buildActionMask = 2147483647;
			files = (
			);
			runOnlyForDeploymentPostprocessing = 0;
		};
/* End PBXFrameworksBuildPhase section */

/* Begin PBXGroup section */
		62D9EBCB6466358D630173EB /* Pods */ = {
			isa = PBXGroup;
			children = (
				5DD68F01FB259534A743E77B /* Pods-ChallengeBCP.debug.xcconfig */,
				403C93B73D1C31432008011E /* Pods-ChallengeBCP.release.xcconfig */,
			);
			path = Pods;
			sourceTree = "<group>";
		};
		CE31BFBC2B05C7AD00569768 /* Error */ = {
			isa = PBXGroup;
			children = (
				CE31BFC62B05C7EE00569768 /* RequestError.swift */,
			);
			path = Error;
			sourceTree = "<group>";
		};
		CE31BFBD2B05C7B200569768 /* Request */ = {
			isa = PBXGroup;
			children = (
				CE31BFC22B05C7D100569768 /* RequestMethod.swift */,
				CE31BFC42B05C7E000569768 /* RequestProtocol.swift */,
			);
			path = Request;
			sourceTree = "<group>";
		};
		CE31BFD22B0657EA00569768 /* Interactor */ = {
			isa = PBXGroup;
			children = (
				CEA39F712B0588DE007CBC9A /* HomeInteractor.swift */,
				CEA39F6E2B0588DE007CBC9A /* HomeInteractorDependencies.swift */,
			);
			path = Interactor;
			sourceTree = "<group>";
		};
		CE31BFD32B06584800569768 /* Entity */ = {
			isa = PBXGroup;
			children = (
				CE31BFD42B06586500569768 /* HomeEntity.swift */,
			);
			path = Entity;
			sourceTree = "<group>";
		};
		CE31BFD62B065B6D00569768 /* Presenter */ = {
			isa = PBXGroup;
			children = (
				CEA39F6F2B0588DE007CBC9A /* HomePresenter.swift */,
			);
			path = Presenter;
			sourceTree = "<group>";
		};
		CE93F0AA2B059D1B00C6E7A7 /* UIView */ = {
			isa = PBXGroup;
			children = (
				CE93F0AB2B059D2C00C6E7A7 /* UIVIew+Extension.swift */,
			);
			path = UIView;
			sourceTree = "<group>";
		};
		CE984D2B2B070FD4008F69C0 /* KeychainSwift  */ = {
			isa = PBXGroup;
			children = (
				CE984D2C2B070FE8008F69C0 /* KeychainSwift+Extension.swift */,
			);
			path = "KeychainSwift ";
			sourceTree = "<group>";
		};
		CEA016EC2B05941D00567E83 /* UIVIewController */ = {
			isa = PBXGroup;
			children = (
				CEA016ED2B05943100567E83 /* UIVIewController+Extension.swift */,
			);
			path = UIVIewController;
			sourceTree = "<group>";
		};
		CEA016EF2B05944200567E83 /* Splash */ = {
			isa = PBXGroup;
			children = (
				CEA016FD2B05997800567E83 /* WireFrame */,
				CEA016FC2B05945500567E83 /* View */,
			);
			path = Splash;
			sourceTree = "<group>";
		};
		CEA016FC2B05945500567E83 /* View */ = {
			isa = PBXGroup;
			children = (
				CEA016F42B05944D00567E83 /* SplashViewController.xib */,
				CEA016F22B05944D00567E83 /* SplashViewController.swift */,
			);
			path = View;
			sourceTree = "<group>";
		};
		CEA016FD2B05997800567E83 /* WireFrame */ = {
			isa = PBXGroup;
			children = (
				CEA016F52B05944D00567E83 /* SplashWireFrame.swift */,
			);
			path = WireFrame;
			sourceTree = "<group>";
		};
		CEA016FE2B059B2A00567E83 /* View */ = {
			isa = PBXGroup;
			children = (
				CEA39F702B0588DE007CBC9A /* HomeViewController.swift */,
				CEA39F722B0588DE007CBC9A /* HomeViewController.xib */,
			);
			path = View;
			sourceTree = "<group>";
		};
		CEA39F1D2B05871D007CBC9A = {
			isa = PBXGroup;
			children = (
				CEA39F282B05871D007CBC9A /* ChallengeBCP */,
				CEA39F3F2B05871F007CBC9A /* ChallengeBCPTests */,
				CEA39F492B05871F007CBC9A /* ChallengeBCPUITests */,
				CEA39F272B05871D007CBC9A /* Products */,
				62D9EBCB6466358D630173EB /* Pods */,
				D90C68AC12184C37EF2C6EB1 /* Frameworks */,
			);
			sourceTree = "<group>";
		};
		CEA39F272B05871D007CBC9A /* Products */ = {
			isa = PBXGroup;
			children = (
				CEA39F262B05871D007CBC9A /* ChallengeBCP.app */,
				CEA39F3C2B05871F007CBC9A /* ChallengeBCPTests.xctest */,
				CEA39F462B05871F007CBC9A /* ChallengeBCPUITests.xctest */,
			);
			name = Products;
			sourceTree = "<group>";
		};
		CEA39F282B05871D007CBC9A /* ChallengeBCP */ = {
			isa = PBXGroup;
			children = (
				CEA39F5A2B05887C007CBC9A /* Core */,
				CEA39F592B058874007CBC9A /* Infraestructure */,
				CEA39F602B0588A8007CBC9A /* Extension */,
				CEA39F5B2B058880007CBC9A /* Delivery */,
				CEA39F292B05871D007CBC9A /* AppDelegate.swift */,
				CEA39F2B2B05871D007CBC9A /* SceneDelegate.swift */,
				CEA39F2D2B05871D007CBC9A /* ViewController.swift */,
				CEA39F2F2B05871D007CBC9A /* Main.storyboard */,
				CEA39F322B05871F007CBC9A /* Assets.xcassets */,
				CEA39F342B05871F007CBC9A /* LaunchScreen.storyboard */,
				CEA39F372B05871F007CBC9A /* Info.plist */,
			);
			path = ChallengeBCP;
			sourceTree = "<group>";
		};
		CEA39F3F2B05871F007CBC9A /* ChallengeBCPTests */ = {
			isa = PBXGroup;
			children = (
				CEA39F402B05871F007CBC9A /* ChallengeBCPTests.swift */,
			);
			path = ChallengeBCPTests;
			sourceTree = "<group>";
		};
		CEA39F492B05871F007CBC9A /* ChallengeBCPUITests */ = {
			isa = PBXGroup;
			children = (
				CEA39F4A2B05871F007CBC9A /* ChallengeBCPUITests.swift */,
				CEA39F4C2B05871F007CBC9A /* ChallengeBCPUITestsLaunchTests.swift */,
			);
			path = ChallengeBCPUITests;
			sourceTree = "<group>";
		};
		CEA39F592B058874007CBC9A /* Infraestructure */ = {
			isa = PBXGroup;
			children = (
				CEA39F972B05894C007CBC9A /* Networking */,
			);
			path = Infraestructure;
			sourceTree = "<group>";
		};
		CEA39F5A2B05887C007CBC9A /* Core */ = {
			isa = PBXGroup;
			children = (
				CEA39F962B058943007CBC9A /* BaseClasses */,
				CEA39F952B058937007CBC9A /* Environment */,
				CEA39F942B058932007CBC9A /* Localizables */,
				CEA39F932B05892D007CBC9A /* Alert */,
			);
			path = Core;
			sourceTree = "<group>";
		};
		CEA39F5B2B058880007CBC9A /* Delivery */ = {
			isa = PBXGroup;
			children = (
				CEA39F5C2B058885007CBC9A /* Flows */,
			);
			path = Delivery;
			sourceTree = "<group>";
		};
		CEA39F5C2B058885007CBC9A /* Flows */ = {
			isa = PBXGroup;
			children = (
				CEA016EF2B05944200567E83 /* Splash */,
				CEA39F5E2B05888E007CBC9A /* Home */,
				CEA39F862B058901007CBC9A /* Currency */,
			);
			path = Flows;
			sourceTree = "<group>";
		};
		CEA39F5E2B05888E007CBC9A /* Home */ = {
			isa = PBXGroup;
			children = (
				CE31BFD62B065B6D00569768 /* Presenter */,
				CE31BFD32B06584800569768 /* Entity */,
				CE31BFD22B0657EA00569768 /* Interactor */,
				CEA016FE2B059B2A00567E83 /* View */,
				CEA39F732B0588DE007CBC9A /* HomeWireFrame.swift */,
			);
			path = Home;
			sourceTree = "<group>";
		};
		CEA39F602B0588A8007CBC9A /* Extension */ = {
			isa = PBXGroup;
			children = (
				CE984D2B2B070FD4008F69C0 /* KeychainSwift  */,
				CE93F0AA2B059D1B00C6E7A7 /* UIView */,
				CEA016EC2B05941D00567E83 /* UIVIewController */,
			);
			path = Extension;
			sourceTree = "<group>";
		};
		CEA39F862B058901007CBC9A /* Currency */ = {
			isa = PBXGroup;
			children = (
				CEA39F872B05890C007CBC9A /* CurrencyInteractorDependencies.swift */,
				CEA39F882B05890C007CBC9A /* CurrencyPresenter.swift */,
				CEA39F892B05890C007CBC9A /* CurrencyViewController.swift */,
				CEA39F8A2B05890C007CBC9A /* CurrencyInteractor.swift */,
				CEA39F8B2B05890C007CBC9A /* CurrencyViewController.xib */,
				CEA39F8C2B05890C007CBC9A /* CurrencyWireFrame.swift */,
			);
			path = Currency;
			sourceTree = "<group>";
		};
		CEA39F932B05892D007CBC9A /* Alert */ = {
			isa = PBXGroup;
			children = (
			);
			path = Alert;
			sourceTree = "<group>";
		};
		CEA39F942B058932007CBC9A /* Localizables */ = {
			isa = PBXGroup;
			children = (
			);
			path = Localizables;
			sourceTree = "<group>";
		};
		CEA39F952B058937007CBC9A /* Environment */ = {
			isa = PBXGroup;
			children = (
			);
			path = Environment;
			sourceTree = "<group>";
		};
		CEA39F962B058943007CBC9A /* BaseClasses */ = {
			isa = PBXGroup;
			children = (
			);
			path = BaseClasses;
			sourceTree = "<group>";
		};
		CEA39F972B05894C007CBC9A /* Networking */ = {
			isa = PBXGroup;
			children = (
				CE31BFBD2B05C7B200569768 /* Request */,
				CE31BFBC2B05C7AD00569768 /* Error */,
				CE31BFBE2B05C7BE00569768 /* Endpoint.swift */,
				CE31BFC02B05C7C500569768 /* Feed.swift */,
			);
			path = Networking;
			sourceTree = "<group>";
		};
		D90C68AC12184C37EF2C6EB1 /* Frameworks */ = {
			isa = PBXGroup;
			children = (
				6DE074C1E76FC27D451669C9 /* Pods_ChallengeBCP.framework */,
			);
			name = Frameworks;
			sourceTree = "<group>";
		};
/* End PBXGroup section */

/* Begin PBXNativeTarget section */
		CEA39F252B05871D007CBC9A /* ChallengeBCP */ = {
			isa = PBXNativeTarget;
			buildConfigurationList = CEA39F502B05871F007CBC9A /* Build configuration list for PBXNativeTarget "ChallengeBCP" */;
			buildPhases = (
				DF3BACC57890BC375835A3E5 /* [CP] Check Pods Manifest.lock */,
				CEA39F222B05871D007CBC9A /* Sources */,
				CEA39F232B05871D007CBC9A /* Frameworks */,
				CEA39F242B05871D007CBC9A /* Resources */,
				943BA1E5E63C1712D52AC124 /* [CP] Embed Pods Frameworks */,
			);
			buildRules = (
			);
			dependencies = (
			);
			name = ChallengeBCP;
			productName = ChallengeBCP;
			productReference = CEA39F262B05871D007CBC9A /* ChallengeBCP.app */;
			productType = "com.apple.product-type.application";
		};
		CEA39F3B2B05871F007CBC9A /* ChallengeBCPTests */ = {
			isa = PBXNativeTarget;
			buildConfigurationList = CEA39F532B05871F007CBC9A /* Build configuration list for PBXNativeTarget "ChallengeBCPTests" */;
			buildPhases = (
				CEA39F382B05871F007CBC9A /* Sources */,
				CEA39F392B05871F007CBC9A /* Frameworks */,
				CEA39F3A2B05871F007CBC9A /* Resources */,
			);
			buildRules = (
			);
			dependencies = (
				CEA39F3E2B05871F007CBC9A /* PBXTargetDependency */,
			);
			name = ChallengeBCPTests;
			productName = ChallengeBCPTests;
			productReference = CEA39F3C2B05871F007CBC9A /* ChallengeBCPTests.xctest */;
			productType = "com.apple.product-type.bundle.unit-test";
		};
		CEA39F452B05871F007CBC9A /* ChallengeBCPUITests */ = {
			isa = PBXNativeTarget;
			buildConfigurationList = CEA39F562B05871F007CBC9A /* Build configuration list for PBXNativeTarget "ChallengeBCPUITests" */;
			buildPhases = (
				CEA39F422B05871F007CBC9A /* Sources */,
				CEA39F432B05871F007CBC9A /* Frameworks */,
				CEA39F442B05871F007CBC9A /* Resources */,
			);
			buildRules = (
			);
			dependencies = (
				CEA39F482B05871F007CBC9A /* PBXTargetDependency */,
			);
			name = ChallengeBCPUITests;
			productName = ChallengeBCPUITests;
			productReference = CEA39F462B05871F007CBC9A /* ChallengeBCPUITests.xctest */;
			productType = "com.apple.product-type.bundle.ui-testing";
		};
/* End PBXNativeTarget section */

/* Begin PBXProject section */
		CEA39F1E2B05871D007CBC9A /* Project object */ = {
			isa = PBXProject;
			attributes = {
				BuildIndependentTargetsInParallel = 1;
				LastSwiftUpdateCheck = 1500;
				LastUpgradeCheck = 1500;
				TargetAttributes = {
					CEA39F252B05871D007CBC9A = {
						CreatedOnToolsVersion = 15.0.1;
					};
					CEA39F3B2B05871F007CBC9A = {
						CreatedOnToolsVersion = 15.0.1;
						TestTargetID = CEA39F252B05871D007CBC9A;
					};
					CEA39F452B05871F007CBC9A = {
						CreatedOnToolsVersion = 15.0.1;
						TestTargetID = CEA39F252B05871D007CBC9A;
					};
				};
			};
			buildConfigurationList = CEA39F212B05871D007CBC9A /* Build configuration list for PBXProject "ChallengeBCP" */;
			compatibilityVersion = "Xcode 14.0";
			developmentRegion = en;
			hasScannedForEncodings = 0;
			knownRegions = (
				en,
				Base,
			);
			mainGroup = CEA39F1D2B05871D007CBC9A;
			productRefGroup = CEA39F272B05871D007CBC9A /* Products */;
			projectDirPath = "";
			projectRoot = "";
			targets = (
				CEA39F252B05871D007CBC9A /* ChallengeBCP */,
				CEA39F3B2B05871F007CBC9A /* ChallengeBCPTests */,
				CEA39F452B05871F007CBC9A /* ChallengeBCPUITests */,
			);
		};
/* End PBXProject section */

/* Begin PBXResourcesBuildPhase section */
		CEA39F242B05871D007CBC9A /* Resources */ = {
			isa = PBXResourcesBuildPhase;
			buildActionMask = 2147483647;
			files = (
				CEA39F362B05871F007CBC9A /* LaunchScreen.storyboard in Resources */,
				CEA016FA2B05944D00567E83 /* SplashViewController.xib in Resources */,
				CEA39F912B05890C007CBC9A /* CurrencyViewController.xib in Resources */,
				CEA39F782B0588DE007CBC9A /* HomeViewController.xib in Resources */,
				CEA39F332B05871F007CBC9A /* Assets.xcassets in Resources */,
				CEA39F312B05871D007CBC9A /* Main.storyboard in Resources */,
			);
			runOnlyForDeploymentPostprocessing = 0;
		};
		CEA39F3A2B05871F007CBC9A /* Resources */ = {
			isa = PBXResourcesBuildPhase;
			buildActionMask = 2147483647;
			files = (
			);
			runOnlyForDeploymentPostprocessing = 0;
		};
		CEA39F442B05871F007CBC9A /* Resources */ = {
			isa = PBXResourcesBuildPhase;
			buildActionMask = 2147483647;
			files = (
			);
			runOnlyForDeploymentPostprocessing = 0;
		};
/* End PBXResourcesBuildPhase section */

/* Begin PBXShellScriptBuildPhase section */
		943BA1E5E63C1712D52AC124 /* [CP] Embed Pods Frameworks */ = {
			isa = PBXShellScriptBuildPhase;
			buildActionMask = 2147483647;
			files = (
			);
			inputFileListPaths = (
				"${PODS_ROOT}/Target Support Files/Pods-ChallengeBCP/Pods-ChallengeBCP-frameworks-${CONFIGURATION}-input-files.xcfilelist",
			);
			name = "[CP] Embed Pods Frameworks";
			outputFileListPaths = (
				"${PODS_ROOT}/Target Support Files/Pods-ChallengeBCP/Pods-ChallengeBCP-frameworks-${CONFIGURATION}-output-files.xcfilelist",
			);
			runOnlyForDeploymentPostprocessing = 0;
			shellPath = /bin/sh;
			shellScript = "\"${PODS_ROOT}/Target Support Files/Pods-ChallengeBCP/Pods-ChallengeBCP-frameworks.sh\"\n";
			showEnvVarsInLog = 0;
		};
		DF3BACC57890BC375835A3E5 /* [CP] Check Pods Manifest.lock */ = {
			isa = PBXShellScriptBuildPhase;
			buildActionMask = 2147483647;
			files = (
			);
			inputFileListPaths = (
			);
			inputPaths = (
				"${PODS_PODFILE_DIR_PATH}/Podfile.lock",
				"${PODS_ROOT}/Manifest.lock",
			);
			name = "[CP] Check Pods Manifest.lock";
			outputFileListPaths = (
			);
			outputPaths = (
				"$(DERIVED_FILE_DIR)/Pods-ChallengeBCP-checkManifestLockResult.txt",
			);
			runOnlyForDeploymentPostprocessing = 0;
			shellPath = /bin/sh;
			shellScript = "diff \"${PODS_PODFILE_DIR_PATH}/Podfile.lock\" \"${PODS_ROOT}/Manifest.lock\" > /dev/null\nif [ $? != 0 ] ; then\n    # print error to STDERR\n    echo \"error: The sandbox is not in sync with the Podfile.lock. Run 'pod install' or update your CocoaPods installation.\" >&2\n    exit 1\nfi\n# This output is used by Xcode 'outputs' to avoid re-running this script phase.\necho \"SUCCESS\" > \"${SCRIPT_OUTPUT_FILE_0}\"\n";
			showEnvVarsInLog = 0;
		};
/* End PBXShellScriptBuildPhase section */

/* Begin PBXSourcesBuildPhase section */
		CEA39F222B05871D007CBC9A /* Sources */ = {
			isa = PBXSourcesBuildPhase;
			buildActionMask = 2147483647;
			files = (
				CEA39F2E2B05871D007CBC9A /* ViewController.swift in Sources */,
				CEA39F792B0588DE007CBC9A /* HomeWireFrame.swift in Sources */,
				CE31BFD52B06586500569768 /* HomeEntity.swift in Sources */,
				CEA016F82B05944D00567E83 /* SplashViewController.swift in Sources */,
				CEA39F742B0588DE007CBC9A /* HomeInteractorDependencies.swift in Sources */,
				CEA39F8E2B05890C007CBC9A /* CurrencyPresenter.swift in Sources */,
				CEA39F772B0588DE007CBC9A /* HomeInteractor.swift in Sources */,
				CE31BFC52B05C7E000569768 /* RequestProtocol.swift in Sources */,
				CEA39F902B05890C007CBC9A /* CurrencyInteractor.swift in Sources */,
				CEA39F752B0588DE007CBC9A /* HomePresenter.swift in Sources */,
				CE31BFC32B05C7D100569768 /* RequestMethod.swift in Sources */,
				CEA39F8F2B05890C007CBC9A /* CurrencyViewController.swift in Sources */,
				CEA016EE2B05943100567E83 /* UIVIewController+Extension.swift in Sources */,
				CE31BFBF2B05C7BE00569768 /* Endpoint.swift in Sources */,
				CEA39F922B05890C007CBC9A /* CurrencyWireFrame.swift in Sources */,
				CE31BFC72B05C7EE00569768 /* RequestError.swift in Sources */,
				CEA016FB2B05944D00567E83 /* SplashWireFrame.swift in Sources */,
				CE984D2D2B070FE8008F69C0 /* KeychainSwift+Extension.swift in Sources */,
				CEA39F762B0588DE007CBC9A /* HomeViewController.swift in Sources */,
				CEA39F2A2B05871D007CBC9A /* AppDelegate.swift in Sources */,
				CE93F0AC2B059D2C00C6E7A7 /* UIVIew+Extension.swift in Sources */,
				CEA39F8D2B05890C007CBC9A /* CurrencyInteractorDependencies.swift in Sources */,
				CEA39F2C2B05871D007CBC9A /* SceneDelegate.swift in Sources */,
				CE31BFC12B05C7C500569768 /* Feed.swift in Sources */,
			);
			runOnlyForDeploymentPostprocessing = 0;
		};
		CEA39F382B05871F007CBC9A /* Sources */ = {
			isa = PBXSourcesBuildPhase;
			buildActionMask = 2147483647;
			files = (
				CEA39F412B05871F007CBC9A /* ChallengeBCPTests.swift in Sources */,
			);
			runOnlyForDeploymentPostprocessing = 0;
		};
		CEA39F422B05871F007CBC9A /* Sources */ = {
			isa = PBXSourcesBuildPhase;
			buildActionMask = 2147483647;
			files = (
				CEA39F4D2B05871F007CBC9A /* ChallengeBCPUITestsLaunchTests.swift in Sources */,
				CEA39F4B2B05871F007CBC9A /* ChallengeBCPUITests.swift in Sources */,
			);
			runOnlyForDeploymentPostprocessing = 0;
		};
/* End PBXSourcesBuildPhase section */

/* Begin PBXTargetDependency section */
		CEA39F3E2B05871F007CBC9A /* PBXTargetDependency */ = {
			isa = PBXTargetDependency;
			target = CEA39F252B05871D007CBC9A /* ChallengeBCP */;
			targetProxy = CEA39F3D2B05871F007CBC9A /* PBXContainerItemProxy */;
		};
		CEA39F482B05871F007CBC9A /* PBXTargetDependency */ = {
			isa = PBXTargetDependency;
			target = CEA39F252B05871D007CBC9A /* ChallengeBCP */;
			targetProxy = CEA39F472B05871F007CBC9A /* PBXContainerItemProxy */;
		};
/* End PBXTargetDependency section */

/* Begin PBXVariantGroup section */
		CEA39F2F2B05871D007CBC9A /* Main.storyboard */ = {
			isa = PBXVariantGroup;
			children = (
				CEA39F302B05871D007CBC9A /* Base */,
			);
			name = Main.storyboard;
			sourceTree = "<group>";
		};
		CEA39F342B05871F007CBC9A /* LaunchScreen.storyboard */ = {
			isa = PBXVariantGroup;
			children = (
				CEA39F352B05871F007CBC9A /* Base */,
			);
			name = LaunchScreen.storyboard;
			sourceTree = "<group>";
		};
/* End PBXVariantGroup section */

/* Begin XCBuildConfiguration section */
		CEA39F4E2B05871F007CBC9A /* Debug */ = {
			isa = XCBuildConfiguration;
			buildSettings = {
				ALWAYS_SEARCH_USER_PATHS = NO;
				ASSETCATALOG_COMPILER_GENERATE_SWIFT_ASSET_SYMBOL_EXTENSIONS = YES;
				CLANG_ANALYZER_NONNULL = YES;
				CLANG_ANALYZER_NUMBER_OBJECT_CONVERSION = YES_AGGRESSIVE;
				CLANG_CXX_LANGUAGE_STANDARD = "gnu++20";
				CLANG_ENABLE_MODULES = YES;
				CLANG_ENABLE_OBJC_ARC = YES;
				CLANG_ENABLE_OBJC_WEAK = YES;
				CLANG_WARN_BLOCK_CAPTURE_AUTORELEASING = YES;
				CLANG_WARN_BOOL_CONVERSION = YES;
				CLANG_WARN_COMMA = YES;
				CLANG_WARN_CONSTANT_CONVERSION = YES;
				CLANG_WARN_DEPRECATED_OBJC_IMPLEMENTATIONS = YES;
				CLANG_WARN_DIRECT_OBJC_ISA_USAGE = YES_ERROR;
				CLANG_WARN_DOCUMENTATION_COMMENTS = YES;
				CLANG_WARN_EMPTY_BODY = YES;
				CLANG_WARN_ENUM_CONVERSION = YES;
				CLANG_WARN_INFINITE_RECURSION = YES;
				CLANG_WARN_INT_CONVERSION = YES;
				CLANG_WARN_NON_LITERAL_NULL_CONVERSION = YES;
				CLANG_WARN_OBJC_IMPLICIT_RETAIN_SELF = YES;
				CLANG_WARN_OBJC_LITERAL_CONVERSION = YES;
				CLANG_WARN_OBJC_ROOT_CLASS = YES_ERROR;
				CLANG_WARN_QUOTED_INCLUDE_IN_FRAMEWORK_HEADER = YES;
				CLANG_WARN_RANGE_LOOP_ANALYSIS = YES;
				CLANG_WARN_STRICT_PROTOTYPES = YES;
				CLANG_WARN_SUSPICIOUS_MOVE = YES;
				CLANG_WARN_UNGUARDED_AVAILABILITY = YES_AGGRESSIVE;
				CLANG_WARN_UNREACHABLE_CODE = YES;
				CLANG_WARN__DUPLICATE_METHOD_MATCH = YES;
				COPY_PHASE_STRIP = NO;
				DEBUG_INFORMATION_FORMAT = dwarf;
				ENABLE_STRICT_OBJC_MSGSEND = YES;
				ENABLE_TESTABILITY = YES;
				ENABLE_USER_SCRIPT_SANDBOXING = NO;
				"EXCLUDED_ARCHS[sdk=iphonesimulator*]" = arm64;
				GCC_C_LANGUAGE_STANDARD = gnu17;
				GCC_DYNAMIC_NO_PIC = NO;
				GCC_NO_COMMON_BLOCKS = YES;
				GCC_OPTIMIZATION_LEVEL = 0;
				GCC_PREPROCESSOR_DEFINITIONS = (
					"DEBUG=1",
					"$(inherited)",
				);
				GCC_WARN_64_TO_32_BIT_CONVERSION = YES;
				GCC_WARN_ABOUT_RETURN_TYPE = YES_ERROR;
				GCC_WARN_UNDECLARED_SELECTOR = YES;
				GCC_WARN_UNINITIALIZED_AUTOS = YES_AGGRESSIVE;
				GCC_WARN_UNUSED_FUNCTION = YES;
				GCC_WARN_UNUSED_VARIABLE = YES;
				IPHONEOS_DEPLOYMENT_TARGET = 13.0;
				LOCALIZATION_PREFERS_STRING_CATALOGS = YES;
				MTL_ENABLE_DEBUG_INFO = INCLUDE_SOURCE;
				MTL_FAST_MATH = YES;
				ONLY_ACTIVE_ARCH = YES;
				SDKROOT = iphoneos;
				SWIFT_ACTIVE_COMPILATION_CONDITIONS = "DEBUG $(inherited)";
				SWIFT_OPTIMIZATION_LEVEL = "-Onone";
			};
			name = Debug;
		};
		CEA39F4F2B05871F007CBC9A /* Release */ = {
			isa = XCBuildConfiguration;
			buildSettings = {
				ALWAYS_SEARCH_USER_PATHS = NO;
				ASSETCATALOG_COMPILER_GENERATE_SWIFT_ASSET_SYMBOL_EXTENSIONS = YES;
				CLANG_ANALYZER_NONNULL = YES;
				CLANG_ANALYZER_NUMBER_OBJECT_CONVERSION = YES_AGGRESSIVE;
				CLANG_CXX_LANGUAGE_STANDARD = "gnu++20";
				CLANG_ENABLE_MODULES = YES;
				CLANG_ENABLE_OBJC_ARC = YES;
				CLANG_ENABLE_OBJC_WEAK = YES;
				CLANG_WARN_BLOCK_CAPTURE_AUTORELEASING = YES;
				CLANG_WARN_BOOL_CONVERSION = YES;
				CLANG_WARN_COMMA = YES;
				CLANG_WARN_CONSTANT_CONVERSION = YES;
				CLANG_WARN_DEPRECATED_OBJC_IMPLEMENTATIONS = YES;
				CLANG_WARN_DIRECT_OBJC_ISA_USAGE = YES_ERROR;
				CLANG_WARN_DOCUMENTATION_COMMENTS = YES;
				CLANG_WARN_EMPTY_BODY = YES;
				CLANG_WARN_ENUM_CONVERSION = YES;
				CLANG_WARN_INFINITE_RECURSION = YES;
				CLANG_WARN_INT_CONVERSION = YES;
				CLANG_WARN_NON_LITERAL_NULL_CONVERSION = YES;
				CLANG_WARN_OBJC_IMPLICIT_RETAIN_SELF = YES;
				CLANG_WARN_OBJC_LITERAL_CONVERSION = YES;
				CLANG_WARN_OBJC_ROOT_CLASS = YES_ERROR;
				CLANG_WARN_QUOTED_INCLUDE_IN_FRAMEWORK_HEADER = YES;
				CLANG_WARN_RANGE_LOOP_ANALYSIS = YES;
				CLANG_WARN_STRICT_PROTOTYPES = YES;
				CLANG_WARN_SUSPICIOUS_MOVE = YES;
				CLANG_WARN_UNGUARDED_AVAILABILITY = YES_AGGRESSIVE;
				CLANG_WARN_UNREACHABLE_CODE = YES;
				CLANG_WARN__DUPLICATE_METHOD_MATCH = YES;
				COPY_PHASE_STRIP = NO;
				DEBUG_INFORMATION_FORMAT = "dwarf-with-dsym";
				ENABLE_NS_ASSERTIONS = NO;
				ENABLE_STRICT_OBJC_MSGSEND = YES;
				ENABLE_USER_SCRIPT_SANDBOXING = NO;
				"EXCLUDED_ARCHS[sdk=iphonesimulator*]" = arm64;
				GCC_C_LANGUAGE_STANDARD = gnu17;
				GCC_NO_COMMON_BLOCKS = YES;
				GCC_WARN_64_TO_32_BIT_CONVERSION = YES;
				GCC_WARN_ABOUT_RETURN_TYPE = YES_ERROR;
				GCC_WARN_UNDECLARED_SELECTOR = YES;
				GCC_WARN_UNINITIALIZED_AUTOS = YES_AGGRESSIVE;
				GCC_WARN_UNUSED_FUNCTION = YES;
				GCC_WARN_UNUSED_VARIABLE = YES;
				IPHONEOS_DEPLOYMENT_TARGET = 13.0;
				LOCALIZATION_PREFERS_STRING_CATALOGS = YES;
				MTL_ENABLE_DEBUG_INFO = NO;
				MTL_FAST_MATH = YES;
				SDKROOT = iphoneos;
				SWIFT_COMPILATION_MODE = wholemodule;
				VALIDATE_PRODUCT = YES;
			};
			name = Release;
		};
		CEA39F512B05871F007CBC9A /* Debug */ = {
			isa = XCBuildConfiguration;
			baseConfigurationReference = 5DD68F01FB259534A743E77B /* Pods-ChallengeBCP.debug.xcconfig */;
			buildSettings = {
				ASSETCATALOG_COMPILER_APPICON_NAME = AppIcon;
				ASSETCATALOG_COMPILER_GLOBAL_ACCENT_COLOR_NAME = AccentColor;
				CODE_SIGN_STYLE = Automatic;
				CURRENT_PROJECT_VERSION = 1;
				DEVELOPMENT_TEAM = Z9KGY278GC;
				GENERATE_INFOPLIST_FILE = YES;
				INFOPLIST_FILE = ChallengeBCP/Info.plist;
				INFOPLIST_KEY_UIApplicationSupportsIndirectInputEvents = YES;
				INFOPLIST_KEY_UILaunchStoryboardName = LaunchScreen;
				INFOPLIST_KEY_UIMainStoryboardFile = Main;
				INFOPLIST_KEY_UISupportedInterfaceOrientations_iPad = "UIInterfaceOrientationPortrait UIInterfaceOrientationPortraitUpsideDown UIInterfaceOrientationLandscapeLeft UIInterfaceOrientationLandscapeRight";
				INFOPLIST_KEY_UISupportedInterfaceOrientations_iPhone = "UIInterfaceOrientationPortrait UIInterfaceOrientationLandscapeLeft UIInterfaceOrientationLandscapeRight";
				IPHONEOS_DEPLOYMENT_TARGET = 13.0;
				LD_RUNPATH_SEARCH_PATHS = (
					"$(inherited)",
					"@executable_path/Frameworks",
				);
				MARKETING_VERSION = 1.0;
				PRODUCT_BUNDLE_IDENTIFIER = com.yenniferhurtado.ChallengeBCP;
				PRODUCT_NAME = "$(TARGET_NAME)";
				SWIFT_EMIT_LOC_STRINGS = YES;
				SWIFT_VERSION = 5.0;
				TARGETED_DEVICE_FAMILY = "1,2";
			};
			name = Debug;
		};
		CEA39F522B05871F007CBC9A /* Release */ = {
			isa = XCBuildConfiguration;
			baseConfigurationReference = 403C93B73D1C31432008011E /* Pods-ChallengeBCP.release.xcconfig */;
			buildSettings = {
				ASSETCATALOG_COMPILER_APPICON_NAME = AppIcon;
				ASSETCATALOG_COMPILER_GLOBAL_ACCENT_COLOR_NAME = AccentColor;
				CODE_SIGN_STYLE = Automatic;
				CURRENT_PROJECT_VERSION = 1;
				DEVELOPMENT_TEAM = Z9KGY278GC;
				GENERATE_INFOPLIST_FILE = YES;
				INFOPLIST_FILE = ChallengeBCP/Info.plist;
				INFOPLIST_KEY_UIApplicationSupportsIndirectInputEvents = YES;
				INFOPLIST_KEY_UILaunchStoryboardName = LaunchScreen;
				INFOPLIST_KEY_UIMainStoryboardFile = Main;
				INFOPLIST_KEY_UISupportedInterfaceOrientations_iPad = "UIInterfaceOrientationPortrait UIInterfaceOrientationPortraitUpsideDown UIInterfaceOrientationLandscapeLeft UIInterfaceOrientationLandscapeRight";
				INFOPLIST_KEY_UISupportedInterfaceOrientations_iPhone = "UIInterfaceOrientationPortrait UIInterfaceOrientationLandscapeLeft UIInterfaceOrientationLandscapeRight";
				IPHONEOS_DEPLOYMENT_TARGET = 13.0;
				LD_RUNPATH_SEARCH_PATHS = (
					"$(inherited)",
					"@executable_path/Frameworks",
				);
				MARKETING_VERSION = 1.0;
				PRODUCT_BUNDLE_IDENTIFIER = com.yenniferhurtado.ChallengeBCP;
				PRODUCT_NAME = "$(TARGET_NAME)";
				SWIFT_EMIT_LOC_STRINGS = YES;
				SWIFT_VERSION = 5.0;
				TARGETED_DEVICE_FAMILY = "1,2";
			};
			name = Release;
		};
		CEA39F542B05871F007CBC9A /* Debug */ = {
			isa = XCBuildConfiguration;
			buildSettings = {
				ALWAYS_EMBED_SWIFT_STANDARD_LIBRARIES = YES;
				BUNDLE_LOADER = "$(TEST_HOST)";
				CODE_SIGN_STYLE = Automatic;
				CURRENT_PROJECT_VERSION = 1;
				DEVELOPMENT_TEAM = Z9KGY278GC;
				GENERATE_INFOPLIST_FILE = YES;
				IPHONEOS_DEPLOYMENT_TARGET = 13.0;
				MARKETING_VERSION = 1.0;
				PRODUCT_BUNDLE_IDENTIFIER = com.yenniferhurtado.ChallengeBCPTests;
				PRODUCT_NAME = "$(TARGET_NAME)";
				SWIFT_EMIT_LOC_STRINGS = NO;
				SWIFT_VERSION = 5.0;
				TARGETED_DEVICE_FAMILY = "1,2";
				TEST_HOST = "$(BUILT_PRODUCTS_DIR)/ChallengeBCP.app/$(BUNDLE_EXECUTABLE_FOLDER_PATH)/ChallengeBCP";
			};
			name = Debug;
		};
		CEA39F552B05871F007CBC9A /* Release */ = {
			isa = XCBuildConfiguration;
			buildSettings = {
				ALWAYS_EMBED_SWIFT_STANDARD_LIBRARIES = YES;
				BUNDLE_LOADER = "$(TEST_HOST)";
				CODE_SIGN_STYLE = Automatic;
				CURRENT_PROJECT_VERSION = 1;
				DEVELOPMENT_TEAM = Z9KGY278GC;
				GENERATE_INFOPLIST_FILE = YES;
				IPHONEOS_DEPLOYMENT_TARGET = 13.0;
				MARKETING_VERSION = 1.0;
				PRODUCT_BUNDLE_IDENTIFIER = com.yenniferhurtado.ChallengeBCPTests;
				PRODUCT_NAME = "$(TARGET_NAME)";
				SWIFT_EMIT_LOC_STRINGS = NO;
				SWIFT_VERSION = 5.0;
				TARGETED_DEVICE_FAMILY = "1,2";
				TEST_HOST = "$(BUILT_PRODUCTS_DIR)/ChallengeBCP.app/$(BUNDLE_EXECUTABLE_FOLDER_PATH)/ChallengeBCP";
			};
			name = Release;
		};
		CEA39F572B05871F007CBC9A /* Debug */ = {
			isa = XCBuildConfiguration;
			buildSettings = {
				ALWAYS_EMBED_SWIFT_STANDARD_LIBRARIES = YES;
				CODE_SIGN_STYLE = Automatic;
				CURRENT_PROJECT_VERSION = 1;
				DEVELOPMENT_TEAM = Z9KGY278GC;
				GENERATE_INFOPLIST_FILE = YES;
				MARKETING_VERSION = 1.0;
				PRODUCT_BUNDLE_IDENTIFIER = com.yenniferhurtado.ChallengeBCPUITests;
				PRODUCT_NAME = "$(TARGET_NAME)";
				SWIFT_EMIT_LOC_STRINGS = NO;
				SWIFT_VERSION = 5.0;
				TARGETED_DEVICE_FAMILY = "1,2";
				TEST_TARGET_NAME = ChallengeBCP;
			};
			name = Debug;
		};
		CEA39F582B05871F007CBC9A /* Release */ = {
			isa = XCBuildConfiguration;
			buildSettings = {
				ALWAYS_EMBED_SWIFT_STANDARD_LIBRARIES = YES;
				CODE_SIGN_STYLE = Automatic;
				CURRENT_PROJECT_VERSION = 1;
				DEVELOPMENT_TEAM = Z9KGY278GC;
				GENERATE_INFOPLIST_FILE = YES;
				MARKETING_VERSION = 1.0;
				PRODUCT_BUNDLE_IDENTIFIER = com.yenniferhurtado.ChallengeBCPUITests;
				PRODUCT_NAME = "$(TARGET_NAME)";
				SWIFT_EMIT_LOC_STRINGS = NO;
				SWIFT_VERSION = 5.0;
				TARGETED_DEVICE_FAMILY = "1,2";
				TEST_TARGET_NAME = ChallengeBCP;
			};
			name = Release;
		};
/* End XCBuildConfiguration section */

/* Begin XCConfigurationList section */
		CEA39F212B05871D007CBC9A /* Build configuration list for PBXProject "ChallengeBCP" */ = {
			isa = XCConfigurationList;
			buildConfigurations = (
				CEA39F4E2B05871F007CBC9A /* Debug */,
				CEA39F4F2B05871F007CBC9A /* Release */,
			);
			defaultConfigurationIsVisible = 0;
			defaultConfigurationName = Release;
		};
		CEA39F502B05871F007CBC9A /* Build configuration list for PBXNativeTarget "ChallengeBCP" */ = {
			isa = XCConfigurationList;
			buildConfigurations = (
				CEA39F512B05871F007CBC9A /* Debug */,
				CEA39F522B05871F007CBC9A /* Release */,
			);
			defaultConfigurationIsVisible = 0;
			defaultConfigurationName = Release;
		};
		CEA39F532B05871F007CBC9A /* Build configuration list for PBXNativeTarget "ChallengeBCPTests" */ = {
			isa = XCConfigurationList;
			buildConfigurations = (
				CEA39F542B05871F007CBC9A /* Debug */,
				CEA39F552B05871F007CBC9A /* Release */,
			);
			defaultConfigurationIsVisible = 0;
			defaultConfigurationName = Release;
		};
		CEA39F562B05871F007CBC9A /* Build configuration list for PBXNativeTarget "ChallengeBCPUITests" */ = {
			isa = XCConfigurationList;
			buildConfigurations = (
				CEA39F572B05871F007CBC9A /* Debug */,
				CEA39F582B05871F007CBC9A /* Release */,
			);
			defaultConfigurationIsVisible = 0;
			defaultConfigurationName = Release;
		};
/* End XCConfigurationList section */
	};
	rootObject = CEA39F1E2B05871D007CBC9A /* Project object */;
}
